{
  "name": "ffi-test",
  "version": "1.0.0",
  "lockfileVersion": 2,
  "requires": true,
  "packages": {
    "": {
      "name": "ffi-test",
      "version": "1.0.0",
      "license": "ISC",
      "dependencies": {
        "koffi": "^2.2.1"
      }
    },
    "node_modules/cnoke": {
      "version": "3.2.1",
      "resolved": "https://registry.npmjs.org/cnoke/-/cnoke-3.2.1.tgz",
      "integrity": "sha512-w6oammorimaGG1ogNhWi9FZ6Cn825j++CRBSDL3D07TMhUQ9/VrqPj3VaNhTfY1i/gX33EucuHQtnLoxAkRczA==",
      "bin": {
        "cnoke": "cnoke.js"
      }
    },
    "node_modules/koffi": {
      "version": "2.2.1",
      "resolved": "https://registry.npmjs.org/koffi/-/koffi-2.2.1.tgz",
      "integrity": "sha512-aryMXE1IjQyvzwP9JcCCRpI+9v1lhLs8rh+o+jInaqKJe5Hj2V4LqxSlPnbGZgcOzmTlxAnEzLBBtlEEy/tFkA==",
      "hasInstallScript": true,
      "dependencies": {
        "cnoke": "^3.2.1"
      }
    }
  },
  "dependencies": {
    "cnoke": {
      "version": "3.2.1",
      "resolved": "https://registry.npmjs.org/cnoke/-/cnoke-3.2.1.tgz",
      "integrity": "sha512-w6oammorimaGG1ogNhWi9FZ6Cn825j++CRBSDL3D07TMhUQ9/VrqPj3VaNhTfY1i/gX33EucuHQtnLoxAkRczA=="
    },
    "koffi": {
      "version": "2.2.1",
      "resolved": "https://registry.npmjs.org/koffi/-/koffi-2.2.1.tgz",
      "integrity": "sha512-aryMXE1IjQyvzwP9JcCCRpI+9v1lhLs8rh+o+jInaqKJe5Hj2V4LqxSlPnbGZgcOzmTlxAnEzLBBtlEEy/tFkA==",
      "requires": {
        "cnoke": "^3.2.1"
      }
    }
  }
}
